
Microsoft Visual Studio Solution File, Format Version 12.00
# Visual Studio Version 16
VisualStudioVersion = 16.0.30114.105
MinimumVisualStudioVersion = 10.0.40219.1
Project("{FAE04EC0-301F-11D3-BF4B-00C04F79EFBC}") = "Application", "Application\Application.csproj", "{E43AC1B0-AEEF-4AF1-830B-E2360D6146C2}"
EndProject
Project("{FAE04EC0-301F-11D3-BF4B-00C04F79EFBC}") = "Domain", "Domain\Domain.csproj", "{4B412288-CEE1-4C5E-A288-D0E170F89927}"
EndProject
Project("{FAE04EC0-301F-11D3-BF4B-00C04F79EFBC}") = "Infra", "Infra\Infra.csproj", "{1FA51ADB-BBBE-471A-B9A6-E436537DEDEC}"
EndProject
Project("{FAE04EC0-301F-11D3-BF4B-00C04F79EFBC}") = "Service", "Service\Service.csproj", "{5945AEDF-1A2A-4C26-8FBA-152A5728011E}"
EndProject
Global
	GlobalSection(SolutionConfigurationPlatforms) = preSolution
		Debug|Any CPU = Debug|Any CPU
		Debug|x64 = Debug|x64
		Debug|x86 = Debug|x86
		Release|Any CPU = Release|Any CPU
		Release|x64 = Release|x64
		Release|x86 = Release|x86
	EndGlobalSection
	GlobalSection(SolutionProperties) = preSolution
		HideSolutionNode = FALSE
	EndGlobalSection
	GlobalSection(ProjectConfigurationPlatforms) = postSolution
		{E43AC1B0-AEEF-4AF1-830B-E2360D6146C2}.Debug|Any CPU.ActiveCfg = Debug|Any CPU
		{E43AC1B0-AEEF-4AF1-830B-E2360D6146C2}.Debug|Any CPU.Build.0 = Debug|Any CPU
		{E43AC1B0-AEEF-4AF1-830B-E2360D6146C2}.Debug|x64.ActiveCfg = Debug|Any CPU
		{E43AC1B0-AEEF-4AF1-830B-E2360D6146C2}.Debug|x64.Build.0 = Debug|Any CPU
		{E43AC1B0-AEEF-4AF1-830B-E2360D6146C2}.Debug|x86.ActiveCfg = Debug|Any CPU
		{E43AC1B0-AEEF-4AF1-830B-E2360D6146C2}.Debug|x86.Build.0 = Debug|Any CPU
		{E43AC1B0-AEEF-4AF1-830B-E2360D6146C2}.Release|Any CPU.ActiveCfg = Release|Any CPU
		{E43AC1B0-AEEF-4AF1-830B-E2360D6146C2}.Release|Any CPU.Build.0 = Release|Any CPU
		{E43AC1B0-AEEF-4AF1-830B-E2360D6146C2}.Release|x64.ActiveCfg = Release|Any CPU
		{E43AC1B0-AEEF-4AF1-830B-E2360D6146C2}.Release|x64.Build.0 = Release|Any CPU
		{E43AC1B0-AEEF-4AF1-830B-E2360D6146C2}.Release|x86.ActiveCfg = Release|Any CPU
		{E43AC1B0-AEEF-4AF1-830B-E2360D6146C2}.Release|x86.Build.0 = Release|Any CPU
		{4B412288-CEE1-4C5E-A288-D0E170F89927}.Debug|Any CPU.ActiveCfg = Debug|Any CPU
		{4B412288-CEE1-4C5E-A288-D0E170F89927}.Debug|Any CPU.Build.0 = Debug|Any CPU
		{4B412288-CEE1-4C5E-A288-D0E170F89927}.Debug|x64.ActiveCfg = Debug|Any CPU
		{4B412288-CEE1-4C5E-A288-D0E170F89927}.Debug|x64.Build.0 = Debug|Any CPU
		{4B412288-CEE1-4C5E-A288-D0E170F89927}.Debug|x86.ActiveCfg = Debug|Any CPU
		{4B412288-CEE1-4C5E-A288-D0E170F89927}.Debug|x86.Build.0 = Debug|Any CPU
		{4B412288-CEE1-4C5E-A288-D0E170F89927}.Release|Any CPU.ActiveCfg = Release|Any CPU
		{4B412288-CEE1-4C5E-A288-D0E170F89927}.Release|Any CPU.Build.0 = Release|Any CPU
		{4B412288-CEE1-4C5E-A288-D0E170F89927}.Release|x64.ActiveCfg = Release|Any CPU
		{4B412288-CEE1-4C5E-A288-D0E170F89927}.Release|x64.Build.0 = Release|Any CPU
		{4B412288-CEE1-4C5E-A288-D0E170F89927}.Release|x86.ActiveCfg = Release|Any CPU
		{4B412288-CEE1-4C5E-A288-D0E170F89927}.Release|x86.Build.0 = Release|Any CPU
		{1FA51ADB-BBBE-471A-B9A6-E436537DEDEC}.Debug|Any CPU.ActiveCfg = Debug|Any CPU
		{1FA51ADB-BBBE-471A-B9A6-E436537DEDEC}.Debug|Any CPU.Build.0 = Debug|Any CPU
		{1FA51ADB-BBBE-471A-B9A6-E436537DEDEC}.Debug|x64.ActiveCfg = Debug|Any CPU
		{1FA51ADB-BBBE-471A-B9A6-E436537DEDEC}.Debug|x64.Build.0 = Debug|Any CPU
		{1FA51ADB-BBBE-471A-B9A6-E436537DEDEC}.Debug|x86.ActiveCfg = Debug|Any CPU
		{1FA51ADB-BBBE-471A-B9A6-E436537DEDEC}.Debug|x86.Build.0 = Debug|Any CPU
		{1FA51ADB-BBBE-471A-B9A6-E436537DEDEC}.Release|Any CPU.ActiveCfg = Release|Any CPU
		{1FA51ADB-BBBE-471A-B9A6-E436537DEDEC}.Release|Any CPU.Build.0 = Release|Any CPU
		{1FA51ADB-BBBE-471A-B9A6-E436537DEDEC}.Release|x64.ActiveCfg = Release|Any CPU
		{1FA51ADB-BBBE-471A-B9A6-E436537DEDEC}.Release|x64.Build.0 = Release|Any CPU
		{1FA51ADB-BBBE-471A-B9A6-E436537DEDEC}.Release|x86.ActiveCfg = Release|Any CPU
		{1FA51ADB-BBBE-471A-B9A6-E436537DEDEC}.Release|x86.Build.0 = Release|Any CPU
		{5945AEDF-1A2A-4C26-8FBA-152A5728011E}.Debug|Any CPU.ActiveCfg = Debug|Any CPU
		{5945AEDF-1A2A-4C26-8FBA-152A5728011E}.Debug|Any CPU.Build.0 = Debug|Any CPU
		{5945AEDF-1A2A-4C26-8FBA-152A5728011E}.Debug|x64.ActiveCfg = Debug|Any CPU
		{5945AEDF-1A2A-4C26-8FBA-152A5728011E}.Debug|x64.Build.0 = Debug|Any CPU
		{5945AEDF-1A2A-4C26-8FBA-152A5728011E}.Debug|x86.ActiveCfg = Debug|Any CPU
		{5945AEDF-1A2A-4C26-8FBA-152A5728011E}.Debug|x86.Build.0 = Debug|Any CPU
		{5945AEDF-1A2A-4C26-8FBA-152A5728011E}.Release|Any CPU.ActiveCfg = Release|Any CPU
		{5945AEDF-1A2A-4C26-8FBA-152A5728011E}.Release|Any CPU.Build.0 = Release|Any CPU
		{5945AEDF-1A2A-4C26-8FBA-152A5728011E}.Release|x64.ActiveCfg = Release|Any CPU
		{5945AEDF-1A2A-4C26-8FBA-152A5728011E}.Release|x64.Build.0 = Release|Any CPU
		{5945AEDF-1A2A-4C26-8FBA-152A5728011E}.Release|x86.ActiveCfg = Release|Any CPU
		{5945AEDF-1A2A-4C26-8FBA-152A5728011E}.Release|x86.Build.0 = Release|Any CPU
	EndGlobalSection
EndGlobal
